
Microsoft Visual Studio Solution File, Format Version 12.00
# Visual Studio Version 17
VisualStudioVersion = 17.7.34018.315
MinimumVisualStudioVersion = 10.0.40219.1
Project("{FAE04EC0-301F-11D3-BF4B-00C04F79EFBC}") = "buildapp", "buildapp\buildapp.csproj", "{DFB9FACD-D377-4799-B6D0-87D4B2084022}"
EndProject
Global
	GlobalSection(SolutionConfigurationPlatforms) = preSolution
		Debug|Any CPU = Debug|Any CPU
		Release|Any CPU = Release|Any CPU
	EndGlobalSection
	GlobalSection(ProjectConfigurationPlatforms) = postSolution
		{DFB9FACD-D377-4799-B6D0-87D4B2084022}.Debug|Any CPU.ActiveCfg = Debug|Any CPU
		{DFB9FACD-D377-4799-B6D0-87D4B2084022}.Debug|Any CPU.Build.0 = Debug|Any CPU
		{DFB9FACD-D377-4799-B6D0-87D4B2084022}.Release|Any CPU.ActiveCfg = Release|Any CPU
		{DFB9FACD-D377-4799-B6D0-87D4B2084022}.Release|Any CPU.Build.0 = Release|Any CPU
	EndGlobalSection
	GlobalSection(SolutionProperties) = preSolution
		HideSolutionNode = FALSE
	EndGlobalSection
	GlobalSection(ExtensibilityGlobals) = postSolution
		SolutionGuid = {DCDB48AF-FFD0-40D4-8046-A04ABC2DB390}
	EndGlobalSection
EndGlobal
